
Microsoft Visual Studio Solution File, Format Version 12.00
# Visual Studio Version 16
VisualStudioVersion = 16.0.29911.84
MinimumVisualStudioVersion = 10.0.40219.1
Project("{9A19103F-16F7-4668-BE54-9A1E7A4F7556}") = "AzureDeveloperTemplates.Starter.Infrastructure", "AzureDeveloperTemplates.Starter.Infrastructure\AzureDeveloperTemplates.Starter.Infrastructure.csproj", "{618066BD-854B-4C7F-9B2B-4A74319AD807}"
EndProject
Project("{9A19103F-16F7-4668-BE54-9A1E7A4F7556}") = "AzureDeveloperTemplates.Starter.Core", "AzureDeveloperTemplates.Starter.Core\AzureDeveloperTemplates.Starter.Core.csproj", "{837F8137-AF9C-4BC6-89BD-50A3B91F110E}"
EndProject
Project("{9A19103F-16F7-4668-BE54-9A1E7A4F7556}") = "AzureDeveloperTemplates.Starter.API", "AzureDeveloperTemplates.Starter.API\AzureDeveloperTemplates.Starter.API.csproj", "{D48ED57B-CB4F-4811-AEDA-344590B83870}"
EndProject
Global
	GlobalSection(SolutionConfigurationPlatforms) = preSolution
		Debug|Any CPU = Debug|Any CPU
		Release|Any CPU = Release|Any CPU
	EndGlobalSection
	GlobalSection(ProjectConfigurationPlatforms) = postSolution
		{618066BD-854B-4C7F-9B2B-4A74319AD807}.Debug|Any CPU.ActiveCfg = Debug|Any CPU
		{618066BD-854B-4C7F-9B2B-4A74319AD807}.Debug|Any CPU.Build.0 = Debug|Any CPU
		{618066BD-854B-4C7F-9B2B-4A74319AD807}.Release|Any CPU.ActiveCfg = Release|Any CPU
		{618066BD-854B-4C7F-9B2B-4A74319AD807}.Release|Any CPU.Build.0 = Release|Any CPU
		{837F8137-AF9C-4BC6-89BD-50A3B91F110E}.Debug|Any CPU.ActiveCfg = Debug|Any CPU
		{837F8137-AF9C-4BC6-89BD-50A3B91F110E}.Debug|Any CPU.Build.0 = Debug|Any CPU
		{837F8137-AF9C-4BC6-89BD-50A3B91F110E}.Release|Any CPU.ActiveCfg = Release|Any CPU
		{837F8137-AF9C-4BC6-89BD-50A3B91F110E}.Release|Any CPU.Build.0 = Release|Any CPU
		{D48ED57B-CB4F-4811-AEDA-344590B83870}.Debug|Any CPU.ActiveCfg = Debug|Any CPU
		{D48ED57B-CB4F-4811-AEDA-344590B83870}.Debug|Any CPU.Build.0 = Debug|Any CPU
		{D48ED57B-CB4F-4811-AEDA-344590B83870}.Release|Any CPU.ActiveCfg = Release|Any CPU
		{D48ED57B-CB4F-4811-AEDA-344590B83870}.Release|Any CPU.Build.0 = Release|Any CPU
	EndGlobalSection
	GlobalSection(SolutionProperties) = preSolution
		HideSolutionNode = FALSE
	EndGlobalSection
	GlobalSection(ExtensibilityGlobals) = postSolution
		SolutionGuid = {EA187801-16B4-45FC-86B9-C4E59DC719C1}
	EndGlobalSection
EndGlobal
