
Microsoft Visual Studio Solution File, Format Version 12.00
# Visual Studio Version 16
VisualStudioVersion = 16.0.29806.167
MinimumVisualStudioVersion = 10.0.40219.1
Project("{FAE04EC0-301F-11D3-BF4B-00C04F79EFBC}") = "AzureDeveloperTemplates.CognitiveSearch.CustomSkills", "AzureDeveloperTemplates.CognitiveSearch.CustomSkills\AzureDeveloperTemplates.CognitiveSearch.CustomSkills.csproj", "{782C72A2-2C99-43E4-B980-037CCEF6C8F6}"
EndProject
Project("{FAE04EC0-301F-11D3-BF4B-00C04F79EFBC}") = "AzureDeveloperTemplates.CognitiveSearch.CustomSkills.Core", "AzureDeveloperTemplates.CognitiveSearch.CustomSkills.Core\AzureDeveloperTemplates.CognitiveSearch.CustomSkills.Core.csproj", "{8A1CF5A2-F596-48E3-BB90-6BF637A7D671}"
EndProject
Project("{FAE04EC0-301F-11D3-BF4B-00C04F79EFBC}") = "AzureDeveloperTemplates.CognitiveSearch.CustomSkills.Infrastructure", "AzureDeveloperTemplates.CognitiveSearch.CustomSkills.Infrastructure\AzureDeveloperTemplates.CognitiveSearch.CustomSkills.Infrastructure.csproj", "{04838F6C-8335-4083-9172-30EFC27A4D98}"
EndProject
Global
	GlobalSection(SolutionConfigurationPlatforms) = preSolution
		Debug|Any CPU = Debug|Any CPU
		Release|Any CPU = Release|Any CPU
	EndGlobalSection
	GlobalSection(ProjectConfigurationPlatforms) = postSolution
		{782C72A2-2C99-43E4-B980-037CCEF6C8F6}.Debug|Any CPU.ActiveCfg = Debug|Any CPU
		{782C72A2-2C99-43E4-B980-037CCEF6C8F6}.Debug|Any CPU.Build.0 = Debug|Any CPU
		{782C72A2-2C99-43E4-B980-037CCEF6C8F6}.Release|Any CPU.ActiveCfg = Release|Any CPU
		{782C72A2-2C99-43E4-B980-037CCEF6C8F6}.Release|Any CPU.Build.0 = Release|Any CPU
		{8A1CF5A2-F596-48E3-BB90-6BF637A7D671}.Debug|Any CPU.ActiveCfg = Debug|Any CPU
		{8A1CF5A2-F596-48E3-BB90-6BF637A7D671}.Debug|Any CPU.Build.0 = Debug|Any CPU
		{8A1CF5A2-F596-48E3-BB90-6BF637A7D671}.Release|Any CPU.ActiveCfg = Release|Any CPU
		{8A1CF5A2-F596-48E3-BB90-6BF637A7D671}.Release|Any CPU.Build.0 = Release|Any CPU
		{04838F6C-8335-4083-9172-30EFC27A4D98}.Debug|Any CPU.ActiveCfg = Debug|Any CPU
		{04838F6C-8335-4083-9172-30EFC27A4D98}.Debug|Any CPU.Build.0 = Debug|Any CPU
		{04838F6C-8335-4083-9172-30EFC27A4D98}.Release|Any CPU.ActiveCfg = Release|Any CPU
		{04838F6C-8335-4083-9172-30EFC27A4D98}.Release|Any CPU.Build.0 = Release|Any CPU
	EndGlobalSection
	GlobalSection(SolutionProperties) = preSolution
		HideSolutionNode = FALSE
	EndGlobalSection
	GlobalSection(ExtensibilityGlobals) = postSolution
		SolutionGuid = {C4C0736D-9E4E-4318-8E2C-C67204D76377}
	EndGlobalSection
EndGlobal
