
Microsoft Visual Studio Solution File, Format Version 12.00
# Visual Studio Version 16
VisualStudioVersion = 16.0.29806.167
MinimumVisualStudioVersion = 10.0.40219.1
Project("{FAE04EC0-301F-11D3-BF4B-00C04F79EFBC}") = "AzureDeveloperTemplates.BlobStorage.WebAPI", "AzureDeveloperTemplates.BlobStorage.WebAPI\AzureDeveloperTemplates.BlobStorage.WebAPI.csproj", "{2BFE537E-8E46-43CE-B7EE-50F47AC183DB}"
EndProject
Project("{FAE04EC0-301F-11D3-BF4B-00C04F79EFBC}") = "AzureDeveloperTemplates.BlobStorage.Infrastructure", "AzureDeveloperTemplates.BlobStorage.Infrastructure\AzureDeveloperTemplates.BlobStorage.Infrastructure.csproj", "{16CD559E-77A1-4492-A874-EBF9C4DF7EA6}"
EndProject
Global
	GlobalSection(SolutionConfigurationPlatforms) = preSolution
		Debug|Any CPU = Debug|Any CPU
		Release|Any CPU = Release|Any CPU
	EndGlobalSection
	GlobalSection(ProjectConfigurationPlatforms) = postSolution
		{2BFE537E-8E46-43CE-B7EE-50F47AC183DB}.Debug|Any CPU.ActiveCfg = Debug|Any CPU
		{2BFE537E-8E46-43CE-B7EE-50F47AC183DB}.Debug|Any CPU.Build.0 = Debug|Any CPU
		{2BFE537E-8E46-43CE-B7EE-50F47AC183DB}.Release|Any CPU.ActiveCfg = Release|Any CPU
		{2BFE537E-8E46-43CE-B7EE-50F47AC183DB}.Release|Any CPU.Build.0 = Release|Any CPU
		{16CD559E-77A1-4492-A874-EBF9C4DF7EA6}.Debug|Any CPU.ActiveCfg = Debug|Any CPU
		{16CD559E-77A1-4492-A874-EBF9C4DF7EA6}.Debug|Any CPU.Build.0 = Debug|Any CPU
		{16CD559E-77A1-4492-A874-EBF9C4DF7EA6}.Release|Any CPU.ActiveCfg = Release|Any CPU
		{16CD559E-77A1-4492-A874-EBF9C4DF7EA6}.Release|Any CPU.Build.0 = Release|Any CPU
	EndGlobalSection
	GlobalSection(SolutionProperties) = preSolution
		HideSolutionNode = FALSE
	EndGlobalSection
	GlobalSection(ExtensibilityGlobals) = postSolution
		SolutionGuid = {19CDFAAB-F078-42D4-B11B-E1AE312A6084}
	EndGlobalSection
EndGlobal
